// !$*UTF8*$!
{
	archiveVersion = 1;
	classes = {
	};
	objectVersion = 46;
	objects = {

/* Begin PBXBuildFile section */
		0451DD981BA44EC60037AB2A /* JXOrderDictionary.m in Sources */ = {isa = PBXBuildFile; fileRef = 0451DD971BA44EC60037AB2A /* JXOrderDictionary.m */; };
		045782BD1BA331B40014D3F5 /* main.m in Sources */ = {isa = PBXBuildFile; fileRef = 045782BC1BA331B40014D3F5 /* main.m */; };
		045782C01BA331B40014D3F5 /* AppDelegate.m in Sources */ = {isa = PBXBuildFile; fileRef = 045782BF1BA331B40014D3F5 /* AppDelegate.m */; };
		045782C31BA331B40014D3F5 /* ViewController.m in Sources */ = {isa = PBXBuildFile; fileRef = 045782C21BA331B40014D3F5 /* ViewController.m */; };
		045782C61BA331B40014D3F5 /* Main.storyboard in Resources */ = {isa = PBXBuildFile; fileRef = 045782C41BA331B40014D3F5 /* Main.storyboard */; };
		045782C81BA331B40014D3F5 /* Images.xcassets in Resources */ = {isa = PBXBuildFile; fileRef = 045782C71BA331B40014D3F5 /* Images.xcassets */; };
		045782CB1BA331B40014D3F5 /* LaunchScreen.xib in Resources */ = {isa = PBXBuildFile; fileRef = 045782C91BA331B40014D3F5 /* LaunchScreen.xib */; };
		045782D71BA331B40014D3F5 /* ____Tests.m in Sources */ = {isa = PBXBuildFile; fileRef = 045782D61BA331B40014D3F5 /* ____Tests.m */; };
/* End PBXBuildFile section */

/* Begin PBXContainerItemProxy section */
		045782D11BA331B40014D3F5 /* PBXContainerItemProxy */ = {
			isa = PBXContainerItemProxy;
			containerPortal = 045782AF1BA331B40014D3F5 /* Project object */;
			proxyType = 1;
			remoteGlobalIDString = 045782B61BA331B40014D3F5;
			remoteInfo = "有序字典";
		};
/* End PBXContainerItemProxy section */

/* Begin PBXFileReference section */
		0451DD961BA44EC60037AB2A /* JXOrderDictionary.h */ = {isa = PBXFileReference; fileEncoding = 4; lastKnownFileType = sourcecode.c.h; path = JXOrderDictionary.h; sourceTree = "<group>"; };
		0451DD971BA44EC60037AB2A /* JXOrderDictionary.m */ = {isa = PBXFileReference; fileEncoding = 4; lastKnownFileType = sourcecode.c.objc; path = JXOrderDictionary.m; sourceTree = "<group>"; };
		045782B71BA331B40014D3F5 /* 有序字典.app */ = {isa = PBXFileReference; explicitFileType = wrapper.application; includeInIndex = 0; path = "有序字典.app"; sourceTree = BUILT_PRODUCTS_DIR; };
		045782BB1BA331B40014D3F5 /* Info.plist */ = {isa = PBXFileReference; lastKnownFileType = text.plist.xml; path = Info.plist; sourceTree = "<group>"; };
		045782BC1BA331B40014D3F5 /* main.m */ = {isa = PBXFileReference; lastKnownFileType = sourcecode.c.objc; path = main.m; sourceTree = "<group>"; };
		045782BE1BA331B40014D3F5 /* AppDelegate.h */ = {isa = PBXFileReference; lastKnownFileType = sourcecode.c.h; path = AppDelegate.h; sourceTree = "<group>"; };
		045782BF1BA331B40014D3F5 /* AppDelegate.m */ = {isa = PBXFileReference; lastKnownFileType = sourcecode.c.objc; path = AppDelegate.m; sourceTree = "<group>"; };
		045782C11BA331B40014D3F5 /* ViewController.h */ = {isa = PBXFileReference; lastKnownFileType = sourcecode.c.h; path = ViewController.h; sourceTree = "<group>"; };
		045782C21BA331B40014D3F5 /* ViewController.m */ = {isa = PBXFileReference; lastKnownFileType = sourcecode.c.objc; path = ViewController.m; sourceTree = "<group>"; };
		045782C51BA331B40014D3F5 /* Base */ = {isa = PBXFileReference; lastKnownFileType = file.storyboard; name = Base; path = Base.lproj/Main.storyboard; sourceTree = "<group>"; };
		045782C71BA331B40014D3F5 /* Images.xcassets */ = {isa = PBXFileReference; lastKnownFileType = folder.assetcatalog; path = Images.xcassets; sourceTree = "<group>"; };
		045782CA1BA331B40014D3F5 /* Base */ = {isa = PBXFileReference; lastKnownFileType = file.xib; name = Base; path = Base.lproj/LaunchScreen.xib; sourceTree = "<group>"; };
		045782D01BA331B40014D3F5 /* 有序字典Tests.xctest */ = {isa = PBXFileReference; explicitFileType = wrapper.cfbundle; includeInIndex = 0; path = "有序字典Tests.xctest"; sourceTree = BUILT_PRODUCTS_DIR; };
		045782D51BA331B40014D3F5 /* Info.plist */ = {isa = PBXFileReference; lastKnownFileType = text.plist.xml; path = Info.plist; sourceTree = "<group>"; };
		045782D61BA331B40014D3F5 /* ____Tests.m */ = {isa = PBXFileReference; lastKnownFileType = sourcecode.c.objc; path = "____Tests.m"; sourceTree = "<group>"; };
/* End PBXFileReference section */

/* Begin PBXFrameworksBuildPhase section */
		045782B41BA331B40014D3F5 /* Frameworks */ = {
			isa = PBXFrameworksBuildPhase;
			buildActionMask = 2147483647;
			files = (
			);
			runOnlyForDeploymentPostprocessing = 0;
		};
		045782CD1BA331B40014D3F5 /* Frameworks */ = {
			isa = PBXFrameworksBuildPhase;
			buildActionMask = 2147483647;
			files = (
			);
			runOnlyForDeploymentPostprocessing = 0;
		};
/* End PBXFrameworksBuildPhase section */

/* Begin PBXGroup section */
		045782AE1BA331B40014D3F5 = {
			isa = PBXGroup;
			children = (
				045782B91BA331B40014D3F5 /* 有序字典 */,
				045782D31BA331B40014D3F5 /* 有序字典Tests */,
				045782B81BA331B40014D3F5 /* Products */,
			);
			sourceTree = "<group>";
		};
		045782B81BA331B40014D3F5 /* Products */ = {
			isa = PBXGroup;
			children = (
				045782B71BA331B40014D3F5 /* 有序字典.app */,
				045782D01BA331B40014D3F5 /* 有序字典Tests.xctest */,
			);
			name = Products;
			sourceTree = "<group>";
		};
		045782B91BA331B40014D3F5 /* 有序字典 */ = {
			isa = PBXGroup;
			children = (
				045782BE1BA331B40014D3F5 /* AppDelegate.h */,
				045782BF1BA331B40014D3F5 /* AppDelegate.m */,
				045782C11BA331B40014D3F5 /* ViewController.h */,
				045782C21BA331B40014D3F5 /* ViewController.m */,
				0451DD961BA44EC60037AB2A /* JXOrderDictionary.h */,
				0451DD971BA44EC60037AB2A /* JXOrderDictionary.m */,
				045782C41BA331B40014D3F5 /* Main.storyboard */,
				045782C71BA331B40014D3F5 /* Images.xcassets */,
				045782C91BA331B40014D3F5 /* LaunchScreen.xib */,
				045782BA1BA331B40014D3F5 /* Supporting Files */,
			);
			path = "有序字典";
			sourceTree = "<group>";
		};
		045782BA1BA331B40014D3F5 /* Supporting Files */ = {
			isa = PBXGroup;
			children = (
				045782BB1BA331B40014D3F5 /* Info.plist */,
				045782BC1BA331B40014D3F5 /* main.m */,
			);
			name = "Supporting Files";
			sourceTree = "<group>";
		};
		045782D31BA331B40014D3F5 /* 有序字典Tests */ = {
			isa = PBXGroup;
			children = (
				045782D61BA331B40014D3F5 /* ____Tests.m */,
				045782D41BA331B40014D3F5 /* Supporting Files */,
			);
			path = "有序字典Tests";
			sourceTree = "<group>";
		};
		045782D41BA331B40014D3F5 /* Supporting Files */ = {
			isa = PBXGroup;
			children = (
				045782D51BA331B40014D3F5 /* Info.plist */,
			);
			name = "Supporting Files";
			sourceTree = "<group>";
		};
/* End PBXGroup section */

/* Begin PBXNativeTarget section */
		045782B61BA331B40014D3F5 /* 有序字典 */ = {
			isa = PBXNativeTarget;
			buildConfigurationList = 045782DA1BA331B40014D3F5 /* Build configuration list for PBXNativeTarget "有序字典" */;
			buildPhases = (
				045782B31BA331B40014D3F5 /* Sources */,
				045782B41BA331B40014D3F5 /* Frameworks */,
				045782B51BA331B40014D3F5 /* Resources */,
			);
			buildRules = (
			);
			dependencies = (
			);
			name = "有序字典";
			productName = "有序字典";
			productReference = 045782B71BA331B40014D3F5 /* 有序字典.app */;
			productType = "com.apple.product-type.application";
		};
		045782CF1BA331B40014D3F5 /* 有序字典Tests */ = {
			isa = PBXNativeTarget;
			buildConfigurationList = 045782DD1BA331B40014D3F5 /* Build configuration list for PBXNativeTarget "有序字典Tests" */;
			buildPhases = (
				045782CC1BA331B40014D3F5 /* Sources */,
				045782CD1BA331B40014D3F5 /* Frameworks */,
				045782CE1BA331B40014D3F5 /* Resources */,
			);
			buildRules = (
			);
			dependencies = (
				045782D21BA331B40014D3F5 /* PBXTargetDependency */,
			);
			name = "有序字典Tests";
			productName = "有序字典Tests";
			productReference = 045782D01BA331B40014D3F5 /* 有序字典Tests.xctest */;
			productType = "com.apple.product-type.bundle.unit-test";
		};
/* End PBXNativeTarget section */

/* Begin PBXProject section */
		045782AF1BA331B40014D3F5 /* Project object */ = {
			isa = PBXProject;
			attributes = {
				LastUpgradeCheck = 0640;
				ORGANIZATIONNAME = hczsiOS;
				TargetAttributes = {
					045782B61BA331B40014D3F5 = {
						CreatedOnToolsVersion = 6.4;
					};
					045782CF1BA331B40014D3F5 = {
						CreatedOnToolsVersion = 6.4;
						TestTargetID = 045782B61BA331B40014D3F5;
					};
				};
			};
			buildConfigurationList = 045782B21BA331B40014D3F5 /* Build configuration list for PBXProject "有序字典" */;
			compatibilityVersion = "Xcode 3.2";
			developmentRegion = English;
			hasScannedForEncodings = 0;
			knownRegions = (
				en,
				Base,
			);
			mainGroup = 045782AE1BA331B40014D3F5;
			productRefGroup = 045782B81BA331B40014D3F5 /* Products */;
			projectDirPath = "";
			projectRoot = "";
			targets = (
				045782B61BA331B40014D3F5 /* 有序字典 */,
				045782CF1BA331B40014D3F5 /* 有序字典Tests */,
			);
		};
/* End PBXProject section */

/* Begin PBXResourcesBuildPhase section */
		045782B51BA331B40014D3F5 /* Resources */ = {
			isa = PBXResourcesBuildPhase;
			buildActionMask = 2147483647;
			files = (
				045782C61BA331B40014D3F5 /* Main.storyboard in Resources */,
				045782CB1BA331B40014D3F5 /* LaunchScreen.xib in Resources */,
				045782C81BA331B40014D3F5 /* Images.xcassets in Resources */,
			);
			runOnlyForDeploymentPostprocessing = 0;
		};
		045782CE1BA331B40014D3F5 /* Resources */ = {
			isa = PBXResourcesBuildPhase;
			buildActionMask = 2147483647;
			files = (
			);
			runOnlyForDeploymentPostprocessing = 0;
		};
/* End PBXResourcesBuildPhase section */

/* Begin PBXSourcesBuildPhase section */
		045782B31BA331B40014D3F5 /* Sources */ = {
			isa = PBXSourcesBuildPhase;
			buildActionMask = 2147483647;
			files = (
				045782C31BA331B40014D3F5 /* ViewController.m in Sources */,
				0451DD981BA44EC60037AB2A /* JXOrderDictionary.m in Sources */,
				045782C01BA331B40014D3F5 /* AppDelegate.m in Sources */,
				045782BD1BA331B40014D3F5 /* main.m in Sources */,
			);
			runOnlyForDeploymentPostprocessing = 0;
		};
		045782CC1BA331B40014D3F5 /* Sources */ = {
			isa = PBXSourcesBuildPhase;
			buildActionMask = 2147483647;
			files = (
				045782D71BA331B40014D3F5 /* ____Tests.m in Sources */,
			);
			runOnlyForDeploymentPostprocessing = 0;
		};
/* End PBXSourcesBuildPhase section */

/* Begin PBXTargetDependency section */
		045782D21BA331B40014D3F5 /* PBXTargetDependency */ = {
			isa = PBXTargetDependency;
			target = 045782B61BA331B40014D3F5 /* 有序字典 */;
			targetProxy = 045782D11BA331B40014D3F5 /* PBXContainerItemProxy */;
		};
/* End PBXTargetDependency section */

/* Begin PBXVariantGroup section */
		045782C41BA331B40014D3F5 /* Main.storyboard */ = {
			isa = PBXVariantGroup;
			children = (
				045782C51BA331B40014D3F5 /* Base */,
			);
			name = Main.storyboard;
			sourceTree = "<group>";
		};
		045782C91BA331B40014D3F5 /* LaunchScreen.xib */ = {
			isa = PBXVariantGroup;
			children = (
				045782CA1BA331B40014D3F5 /* Base */,
			);
			name = LaunchScreen.xib;
			sourceTree = "<group>";
		};
/* End PBXVariantGroup section */

/* Begin XCBuildConfiguration section */
		045782D81BA331B40014D3F5 /* Debug */ = {
			isa = XCBuildConfiguration;
			buildSettings = {
				ALWAYS_SEARCH_USER_PATHS = NO;
				CLANG_CXX_LANGUAGE_STANDARD = "gnu++0x";
				CLANG_CXX_LIBRARY = "libc++";
				CLANG_ENABLE_MODULES = YES;
				CLANG_ENABLE_OBJC_ARC = YES;
				CLANG_WARN_BOOL_CONVERSION = YES;
				CLANG_WARN_CONSTANT_CONVERSION = YES;
				CLANG_WARN_DIRECT_OBJC_ISA_USAGE = YES_ERROR;
				CLANG_WARN_EMPTY_BODY = YES;
				CLANG_WARN_ENUM_CONVERSION = YES;
				CLANG_WARN_INT_CONVERSION = YES;
				CLANG_WARN_OBJC_ROOT_CLASS = YES_ERROR;
				CLANG_WARN_UNREACHABLE_CODE = YES;
				CLANG_WARN__DUPLICATE_METHOD_MATCH = YES;
				"CODE_SIGN_IDENTITY[sdk=iphoneos*]" = "iPhone Developer";
				COPY_PHASE_STRIP = NO;
				DEBUG_INFORMATION_FORMAT = "dwarf-with-dsym";
				ENABLE_STRICT_OBJC_MSGSEND = YES;
				GCC_C_LANGUAGE_STANDARD = gnu99;
				GCC_DYNAMIC_NO_PIC = NO;
				GCC_NO_COMMON_BLOCKS = YES;
				GCC_OPTIMIZATION_LEVEL = 0;
				GCC_PREPROCESSOR_DEFINITIONS = (
					"DEBUG=1",
					"$(inherited)",
				);
				GCC_SYMBOLS_PRIVATE_EXTERN = NO;
				GCC_WARN_64_TO_32_BIT_CONVERSION = YES;
				GCC_WARN_ABOUT_RETURN_TYPE = YES_ERROR;
				GCC_WARN_UNDECLARED_SELECTOR = YES;
				GCC_WARN_UNINITIALIZED_AUTOS = YES_AGGRESSIVE;
				GCC_WARN_UNUSED_FUNCTION = YES;
				GCC_WARN_UNUSED_VARIABLE = YES;
				IPHONEOS_DEPLOYMENT_TARGET = 8.4;
				MTL_ENABLE_DEBUG_INFO = YES;
				ONLY_ACTIVE_ARCH = YES;
				SDKROOT = iphoneos;
			};
			name = Debug;
		};
		045782D91BA331B40014D3F5 /* Release */ = {
			isa = XCBuildConfiguration;
			buildSettings = {
				ALWAYS_SEARCH_USER_PATHS = NO;
				CLANG_CXX_LANGUAGE_STANDARD = "gnu++0x";
				CLANG_CXX_LIBRARY = "libc++";
				CLANG_ENABLE_MODULES = YES;
				CLANG_ENABLE_OBJC_ARC = YES;
				CLANG_WARN_BOOL_CONVERSION = YES;
				CLANG_WARN_CONSTANT_CONVERSION = YES;
				CLANG_WARN_DIRECT_OBJC_ISA_USAGE = YES_ERROR;
				CLANG_WARN_EMPTY_BODY = YES;
				CLANG_WARN_ENUM_CONVERSION = YES;
				CLANG_WARN_INT_CONVERSION = YES;
				CLANG_WARN_OBJC_ROOT_CLASS = YES_ERROR;
				CLANG_WARN_UNREACHABLE_CODE = YES;
				CLANG_WARN__DUPLICATE_METHOD_MATCH = YES;
				"CODE_SIGN_IDENTITY[sdk=iphoneos*]" = "iPhone Developer";
				COPY_PHASE_STRIP = NO;
				DEBUG_INFORMATION_FORMAT = "dwarf-with-dsym";
				ENABLE_NS_ASSERTIONS = NO;
				ENABLE_STRICT_OBJC_MSGSEND = YES;
				GCC_C_LANGUAGE_STANDARD = gnu99;
				GCC_NO_COMMON_BLOCKS = YES;
				GCC_WARN_64_TO_32_BIT_CONVERSION = YES;
				GCC_WARN_ABOUT_RETURN_TYPE = YES_ERROR;
				GCC_WARN_UNDECLARED_SELECTOR = YES;
				GCC_WARN_UNINITIALIZED_AUTOS = YES_AGGRESSIVE;
				GCC_WARN_UNUSED_FUNCTION = YES;
				GCC_WARN_UNUSED_VARIABLE = YES;
				IPHONEOS_DEPLOYMENT_TARGET = 8.4;
				MTL_ENABLE_DEBUG_INFO = NO;
				SDKROOT = iphoneos;
				VALIDATE_PRODUCT = YES;
			};
			name = Release;
		};
		045782DB1BA331B40014D3F5 /* Debug */ = {
			isa = XCBuildConfiguration;
			buildSettings = {
				ASSETCATALOG_COMPILER_APPICON_NAME = AppIcon;
				INFOPLIST_FILE = "有序字典/Info.plist";
				LD_RUNPATH_SEARCH_PATHS = "$(inherited) @executable_path/Frameworks";
				PRODUCT_NAME = "$(TARGET_NAME)";
			};
			name = Debug;
		};
		045782DC1BA331B40014D3F5 /* Release */ = {
			isa = XCBuildConfiguration;
			buildSettings = {
				ASSETCATALOG_COMPILER_APPICON_NAME = AppIcon;
				INFOPLIST_FILE = "有序字典/Info.plist";
				LD_RUNPATH_SEARCH_PATHS = "$(inherited) @executable_path/Frameworks";
				PRODUCT_NAME = "$(TARGET_NAME)";
			};
			name = Release;
		};
		045782DE1BA331B40014D3F5 /* Debug */ = {
			isa = XCBuildConfiguration;
			buildSettings = {
				BUNDLE_LOADER = "$(TEST_HOST)";
				FRAMEWORK_SEARCH_PATHS = (
					"$(SDKROOT)/Developer/Library/Frameworks",
					"$(inherited)",
				);
				GCC_PREPROCESSOR_DEFINITIONS = (
					"DEBUG=1",
					"$(inherited)",
				);
				INFOPLIST_FILE = "有序字典Tests/Info.plist";
				LD_RUNPATH_SEARCH_PATHS = "$(inherited) @executable_path/Frameworks @loader_path/Frameworks";
				PRODUCT_NAME = "$(TARGET_NAME)";
				TEST_HOST = "$(BUILT_PRODUCTS_DIR)/有序字典.app/有序字典";
			};
			name = Debug;
		};
		045782DF1BA331B40014D3F5 /* Release */ = {
			isa = XCBuildConfiguration;
			buildSettings = {
				BUNDLE_LOADER = "$(TEST_HOST)";
				FRAMEWORK_SEARCH_PATHS = (
					"$(SDKROOT)/Developer/Library/Frameworks",
					"$(inherited)",
				);
				INFOPLIST_FILE = "有序字典Tests/Info.plist";
				LD_RUNPATH_SEARCH_PATHS = "$(inherited) @executable_path/Frameworks @loader_path/Frameworks";
				PRODUCT_NAME = "$(TARGET_NAME)";
				TEST_HOST = "$(BUILT_PRODUCTS_DIR)/有序字典.app/有序字典";
			};
			name = Release;
		};
/* End XCBuildConfiguration section */

/* Begin XCConfigurationList section */
		045782B21BA331B40014D3F5 /* Build configuration list for PBXProject "有序字典" */ = {
			isa = XCConfigurationList;
			buildConfigurations = (
				045782D81BA331B40014D3F5 /* Debug */,
				045782D91BA331B40014D3F5 /* Release */,
			);
			defaultConfigurationIsVisible = 0;
			defaultConfigurationName = Release;
		};
		045782DA1BA331B40014D3F5 /* Build configuration list for PBXNativeTarget "有序字典" */ = {
			isa = XCConfigurationList;
			buildConfigurations = (
				045782DB1BA331B40014D3F5 /* Debug */,
				045782DC1BA331B40014D3F5 /* Release */,
			);
			defaultConfigurationIsVisible = 0;
			defaultConfigurationName = Release;
		};
		045782DD1BA331B40014D3F5 /* Build configuration list for PBXNativeTarget "有序字典Tests" */ = {
			isa = XCConfigurationList;
			buildConfigurations = (
				045782DE1BA331B40014D3F5 /* Debug */,
				045782DF1BA331B40014D3F5 /* Release */,
			);
			defaultConfigurationIsVisible = 0;
			defaultConfigurationName = Release;
		};
/* End XCConfigurationList section */
	};
	rootObject = 045782AF1BA331B40014D3F5 /* Project object */;
}
